{
	"name": "@isheedo/table",
	"version": "1.0.3",
	"lockfileVersion": 1,
	"requires": true,
	"dependencies": {
		"@isheedo/button": {
			"version": "1.0.3",
			"resolved": "https://registry.npmjs.org/@isheedo/button/-/button-1.0.3.tgz",
			"integrity": "sha512-086X9HUDs1OrlQDc68dMBddJP3xPLh7Pw7sdmKHD941yaTYoy3oCZrI2kkU8sOmNpTE2or7wz1QzxrJZan9OVg==",
			"requires": {
				"lodash": "^4.17.15"
			}
		},
		"@isheedo/text": {
			"version": "1.0.3",
			"resolved": "https://registry.npmjs.org/@isheedo/text/-/text-1.0.3.tgz",
			"integrity": "sha512-iHmSh2aYTEDoeIBZkZ+/g8Xs4GKdjmTtzkPNtAP9nKmxTw9ql+vZ7kSnE5clr+y0WpRdsYUdRoQAhAXeTCvByg==",
			"requires": {
				"lodash": "^4.17.15"
			}
		},
		"lodash": {
			"version": "4.17.21",
			"resolved": "https://registry.npmjs.org/lodash/-/lodash-4.17.21.tgz",
			"integrity": "sha512-v2kDEe57lecTulaDIuNTPy3Ry4gLGJ6Z1O3vE1krgXZNrsQ+LFTGHVxVjcXPs17LhbZVGedAJv8XZ1tvj5FvSg=="
		}
	}
}
